
Microsoft Visual Studio Solution File, Format Version 12.00
# Visual Studio Version 16
VisualStudioVersion = 16.0.30717.126
MinimumVisualStudioVersion = 10.0.40219.1
Project("{FAE04EC0-301F-11D3-BF4B-00C04F79EFBC}") = "SistemTech", "SistemTech.csproj", "{5E99529F-6DEA-455C-B7C4-EC513BA526B9}"
EndProject
Global
	GlobalSection(SolutionConfigurationPlatforms) = preSolution
		Debug|Any CPU = Debug|Any CPU
		Release|Any CPU = Release|Any CPU
	EndGlobalSection
	GlobalSection(ProjectConfigurationPlatforms) = postSolution
		{5E99529F-6DEA-455C-B7C4-EC513BA526B9}.Debug|Any CPU.ActiveCfg = Debug|Any CPU
		{5E99529F-6DEA-455C-B7C4-EC513BA526B9}.Debug|Any CPU.Build.0 = Debug|Any CPU
		{5E99529F-6DEA-455C-B7C4-EC513BA526B9}.Release|Any CPU.ActiveCfg = Release|Any CPU
		{5E99529F-6DEA-455C-B7C4-EC513BA526B9}.Release|Any CPU.Build.0 = Release|Any CPU
	EndGlobalSection
	GlobalSection(SolutionProperties) = preSolution
		HideSolutionNode = FALSE
	EndGlobalSection
	GlobalSection(ExtensibilityGlobals) = postSolution
		SolutionGuid = {2B2F7763-E0B8-480D-9149-FE3572D45FB5}
	EndGlobalSection
EndGlobal
